
Microsoft Visual Studio Solution File, Format Version 12.00
# Visual Studio 15
VisualStudioVersion = 15.0.28307.438
MinimumVisualStudioVersion = 10.0.40219.1
Project("{FAE04EC0-301F-11D3-BF4B-00C04F79EFBC}") = "P.Evaluativa", "P.Evaluativa\P.Evaluativa.csproj", "{5DFB943E-CEE6-4DC7-B17C-122BC1BE7DEF}"
EndProject
Global
	GlobalSection(SolutionConfigurationPlatforms) = preSolution
		Debug|Any CPU = Debug|Any CPU
		Release|Any CPU = Release|Any CPU
	EndGlobalSection
	GlobalSection(ProjectConfigurationPlatforms) = postSolution
		{5DFB943E-CEE6-4DC7-B17C-122BC1BE7DEF}.Debug|Any CPU.ActiveCfg = Debug|Any CPU
		{5DFB943E-CEE6-4DC7-B17C-122BC1BE7DEF}.Debug|Any CPU.Build.0 = Debug|Any CPU
		{5DFB943E-CEE6-4DC7-B17C-122BC1BE7DEF}.Release|Any CPU.ActiveCfg = Release|Any CPU
		{5DFB943E-CEE6-4DC7-B17C-122BC1BE7DEF}.Release|Any CPU.Build.0 = Release|Any CPU
	EndGlobalSection
	GlobalSection(SolutionProperties) = preSolution
		HideSolutionNode = FALSE
	EndGlobalSection
	GlobalSection(ExtensibilityGlobals) = postSolution
		SolutionGuid = {A0BF4B3E-3B40-418F-BB98-3F9F2F96EBD0}
	EndGlobalSection
EndGlobal
